PODS:
  - Alamofire (5.7.1)
  - Moya (15.0.0):
    - Moya/Core (= 15.0.0)
  - Moya/Core (15.0.0):
    - Alamofire (~> 5.0)
  - PromiseKit (6.18.1):
    - PromiseKit/CorePromise (= 6.18.1)
    - PromiseKit/Foundation (= 6.18.1)
    - PromiseKit/UIKit (= 6.18.1)
  - PromiseKit/CorePromise (6.18.1)
  - PromiseKit/Foundation (6.18.1):
    - PromiseKit/CorePromise
  - PromiseKit/UIKit (6.18.1):
    - PromiseKit/CorePromise

DEPENDENCIES:
  - Moya
  - PromiseKit

SPEC REPOS:
  trunk:
    - Alamofire
    - Moya
    - PromiseKit

SPEC CHECKSUMS:
  Alamofire: 0123a34370cb170936ae79a8df46cc62b2edeb88
  Moya: 138f0573e53411fb3dc17016add0b748dfbd78ee
  PromiseKit: 49d70c53d5d20e346beaea4b276b5dd2ab446bb4

PODFILE CHECKSUM: 14428e54651d84cbc2074ac7ab269f83bac16241

COCOAPODS: 1.11.3
